# generated by rye
# use `rye lock` or `rye sync` to update this lockfile
#
# last locked with the following flags:
#   pre: false
#   features: []
#   all-features: false
#   with-sources: false
#   generate-hashes: false
#   universal: false

-e file:.
accelerate==1.9.0
    # via open-webui
aiocache==0.12.3
    # via open-webui
aiofiles==24.1.0
    # via open-webui
    # via unstructured-client
aiohappyeyeballs==2.6.1
    # via aiohttp
aiohttp==3.11.11
    # via datasets
    # via fsspec
    # via langchain-community
    # via open-webui
aiosignal==1.4.0
    # via aiohttp
alembic==1.14.0
    # via open-webui
annotated-types==0.7.0
    # via pydantic
anthropic==0.58.2
    # via open-webui
anyio==4.9.0
    # via anthropic
    # via google-genai
    # via httpx
    # via langfuse
    # via openai
    # via starlette
    # via watchfiles
appdirs==1.4.4
    # via fs
apscheduler==3.10.4
    # via open-webui
argon2-cffi==23.1.0
    # via open-webui
argon2-cffi-bindings==21.2.0
    # via argon2-cffi
asgiref==3.8.1
    # via open-webui
    # via opentelemetry-instrumentation-asgi
async-timeout==5.0.1
    # via open-webui
attrs==25.3.0
    # via aiohttp
    # via pytest-docker
authlib==1.4.1
    # via open-webui
av==15.0.0
    # via faster-whisper
azure-ai-documentintelligence==1.0.2
    # via open-webui
azure-core==1.35.0
    # via azure-ai-documentintelligence
    # via azure-identity
    # via azure-storage-blob
azure-identity==1.20.0
    # via open-webui
azure-storage-blob==12.24.1
    # via open-webui
backoff==2.2.1
    # via langfuse
    # via posthog
    # via unstructured
bcrypt==4.3.0
    # via chromadb
    # via open-webui
    # via passlib
beautifulsoup4==4.13.4
    # via unstructured
bidict==0.23.1
    # via python-socketio
bitarray==3.5.2
    # via colbert-ai
black==25.1.0
    # via open-webui
blinker==1.9.0
    # via flask
boto3==1.35.53
    # via moto
    # via open-webui
botocore==1.35.99
    # via boto3
    # via moto
    # via s3transfer
brotli==1.1.0
    # via starlette-compress
build==1.2.2.post1
    # via chromadb
cachetools==5.5.2
    # via google-auth
certifi==2025.7.14
    # via elastic-transport
    # via httpcore
    # via httpx
    # via kubernetes
    # via opensearch-py
    # via pinecone
    # via requests
cffi==1.17.1
    # via argon2-cffi-bindings
    # via cryptography
    # via soundfile
chardet==5.2.0
    # via unstructured
charset-normalizer==3.4.2
    # via requests
chroma-hnswlib==0.7.6
    # via chromadb
chromadb==0.6.3
    # via open-webui
click==8.2.1
    # via black
    # via duckduckgo-search
    # via flask
    # via nltk
    # via peewee-migrate
    # via python-oxmsg
    # via typer
    # via uvicorn
colbert-ai==0.2.21
    # via open-webui
coloredlogs==15.0.1
    # via onnxruntime
cryptography==45.0.5
    # via authlib
    # via azure-identity
    # via azure-storage-blob
    # via moto
    # via msal
    # via pyjwt
    # via unstructured-client
ctranslate2==4.6.0
    # via faster-whisper
dataclasses-json==0.6.7
    # via langchain-community
    # via unstructured
datasets==2.14.4
    # via colbert-ai
defusedxml==0.7.1
    # via fpdf2
    # via youtube-transcript-api
dill==0.3.7
    # via datasets
    # via multiprocess
distro==1.9.0
    # via anthropic
    # via openai
    # via posthog
dnspython==2.7.0
    # via pymongo
docker==7.1.0
    # via open-webui
docx2txt==0.8
    # via open-webui
duckduckgo-search==8.0.2
    # via open-webui
durationpy==0.10
    # via kubernetes
ecdsa==0.19.1
    # via python-jose
einops==0.8.1
    # via open-webui
elastic-transport==8.17.1
    # via elasticsearch
elasticsearch==9.0.1
    # via open-webui
emoji==2.14.1
    # via unstructured
et-xmlfile==2.0.0
    # via openpyxl
eval-type-backport==0.2.2
    # via unstructured-client
events==0.5
    # via opensearch-py
fake-useragent==2.1.0
    # via open-webui
fastapi==0.115.7
    # via chromadb
    # via open-webui
faster-whisper==1.1.1
    # via open-webui
filelock==3.18.0
    # via huggingface-hub
    # via torch
    # via transformers
filetype==1.2.0
    # via unstructured
firecrawl-py==1.12.0
    # via open-webui
flask==3.1.1
    # via colbert-ai
flatbuffers==25.2.10
    # via onnxruntime
fonttools==4.59.0
    # via fpdf2
fpdf2==2.8.2
    # via open-webui
frozenlist==1.7.0
    # via aiohttp
    # via aiosignal
fs==2.4.16
    # via gcp-storage-emulator
fsspec==2025.7.0
    # via datasets
    # via huggingface-hub
    # via torch
ftfy==6.2.3
    # via open-webui
gcp-storage-emulator==2024.8.3
    # via open-webui
git-python==1.0.3
    # via colbert-ai
gitdb==4.0.12
    # via gitpython
gitpython==3.1.44
    # via git-python
google-ai-generativelanguage==0.6.15
    # via google-generativeai
google-api-core==2.25.1
    # via google-ai-generativelanguage
    # via google-api-python-client
    # via google-cloud-core
    # via google-cloud-storage
    # via google-generativeai
google-api-python-client==2.176.0
    # via google-generativeai
    # via open-webui
google-auth==2.40.3
    # via google-ai-generativelanguage
    # via google-api-core
    # via google-api-python-client
    # via google-auth-httplib2
    # via google-auth-oauthlib
    # via google-cloud-core
    # via google-cloud-storage
    # via google-genai
    # via google-generativeai
    # via kubernetes
google-auth-httplib2==0.2.0
    # via google-api-python-client
    # via open-webui
google-auth-oauthlib==1.2.2
    # via open-webui
google-cloud-core==2.4.3
    # via google-cloud-storage
google-cloud-storage==2.19.0
    # via open-webui
google-crc32c==1.7.1
    # via gcp-storage-emulator
    # via google-cloud-storage
    # via google-resumable-media
google-genai==1.15.0
    # via open-webui
google-generativeai==0.8.5
    # via open-webui
google-resumable-media==2.7.2
    # via google-cloud-storage
googleapis-common-protos==1.63.2
    # via google-api-core
    # via grpcio-status
    # via open-webui
    # via opentelemetry-exporter-otlp-proto-grpc
greenlet==3.1.1
    # via playwright
grpcio==1.67.1
    # via chromadb
    # via google-api-core
    # via grpcio-status
    # via grpcio-tools
    # via opentelemetry-exporter-otlp-proto-grpc
    # via pymilvus
    # via qdrant-client
grpcio-status==1.67.1
    # via google-api-core
grpcio-tools==1.67.1
    # via qdrant-client
h11==0.16.0
    # via httpcore
    # via uvicorn
    # via wsproto
h2==4.2.0
    # via httpx
hf-xet==1.1.5
    # via huggingface-hub
hpack==4.1.0
    # via h2
html5lib==1.1
    # via unstructured
httpcore==1.0.9
    # via httpx
httplib2==0.22.0
    # via google-api-python-client
    # via google-auth-httplib2
httptools==0.6.4
    # via uvicorn
httpx==0.28.1
    # via anthropic
    # via chromadb
    # via google-genai
    # via langfuse
    # via langsmith
    # via openai
    # via qdrant-client
    # via unstructured-client
httpx-sse==0.4.1
    # via langchain-community
huggingface-hub==0.33.4
    # via accelerate
    # via datasets
    # via faster-whisper
    # via sentence-transformers
    # via tokenizers
    # via transformers
humanfriendly==10.0
    # via coloredlogs
hyperframe==6.1.0
    # via h2
idna==3.10
    # via anyio
    # via httpx
    # via langfuse
    # via requests
    # via yarl
importlib-metadata==8.7.0
    # via opentelemetry-api
importlib-resources==6.5.2
    # via chromadb
iniconfig==2.1.0
    # via pytest
isodate==0.7.2
    # via azure-ai-documentintelligence
    # via azure-storage-blob
itsdangerous==2.2.0
    # via flask
jinja2==3.1.6
    # via flask
    # via moto
    # via torch
jiter==0.10.0
    # via anthropic
    # via openai
jmespath==1.0.1
    # via boto3
    # via botocore
joblib==1.5.1
    # via nltk
    # via scikit-learn
jsonpatch==1.33
    # via langchain-core
jsonpointer==3.0.0
    # via jsonpatch
kubernetes==33.1.0
    # via chromadb
langchain==0.3.24
    # via langchain-community
    # via open-webui
langchain-community==0.3.23
    # via open-webui
langchain-core==0.3.69
    # via langchain
    # via langchain-community
    # via langchain-text-splitters
langchain-text-splitters==0.3.8
    # via langchain
langdetect==1.0.9
    # via unstructured
langfuse==2.44.0
    # via open-webui
langsmith==0.3.45
    # via langchain
    # via langchain-community
    # via langchain-core
ldap3==2.9.1
    # via open-webui
loguru==0.7.3
    # via open-webui
lxml==6.0.0
    # via duckduckgo-search
    # via python-pptx
    # via unstructured
mako==1.3.10
    # via alembic
markdown==3.7
    # via open-webui
    # via pymdown-extensions
markdown-it-py==3.0.0
    # via rich
markupsafe==3.0.2
    # via flask
    # via jinja2
    # via mako
    # via werkzeug
marshmallow==3.26.1
    # via dataclasses-json
mdurl==0.1.2
    # via markdown-it-py
milvus-lite==2.5.1
    # via pymilvus
mmh3==5.1.0
    # via chromadb
moto==5.1.8
    # via open-webui
mpmath==1.3.0
    # via sympy
msal==1.32.3
    # via azure-identity
    # via msal-extensions
msal-extensions==1.3.1
    # via azure-identity
multidict==6.6.3
    # via aiohttp
    # via yarl
multiprocess==0.70.15
    # via datasets
mypy-extensions==1.1.0
    # via black
    # via typing-inspect
nest-asyncio==1.6.0
    # via firecrawl-py
    # via unstructured-client
networkx==3.5
    # via torch
ninja==1.11.1.4
    # via colbert-ai
nltk==3.9.1
    # via open-webui
    # via unstructured
numpy==1.26.4
    # via accelerate
    # via chroma-hnswlib
    # via chromadb
    # via ctranslate2
    # via datasets
    # via langchain-community
    # via onnxruntime
    # via opencv-python
    # via opencv-python-headless
    # via pandas
    # via pgvector
    # via qdrant-client
    # via rank-bm25
    # via rapidocr-onnxruntime
    # via scikit-learn
    # via scipy
    # via shapely
    # via soundfile
    # via transformers
    # via unstructured
oauthlib==3.3.1
    # via kubernetes
    # via requests-oauthlib
olefile==0.47
    # via python-oxmsg
onnxruntime==1.20.1
    # via chromadb
    # via faster-whisper
    # via open-webui
    # via rapidocr-onnxruntime
openai==1.97.0
    # via open-webui
opencv-python==4.11.0.86
    # via rapidocr-onnxruntime
opencv-python-headless==4.11.0.86
    # via open-webui
openpyxl==3.1.5
    # via open-webui
opensearch-py==2.8.0
    # via open-webui
opentelemetry-api==1.35.0
    # via chromadb
    # via opentelemetry-exporter-otlp-proto-grpc
    # via opentelemetry-instrumentation
    # via opentelemetry-instrumentation-asgi
    # via opentelemetry-instrumentation-fastapi
    # via opentelemetry-sdk
    # via opentelemetry-semantic-conventions
opentelemetry-exporter-otlp-proto-common==1.35.0
    # via opentelemetry-exporter-otlp-proto-grpc
opentelemetry-exporter-otlp-proto-grpc==1.35.0
    # via chromadb
opentelemetry-instrumentation==0.56b0
    # via opentelemetry-instrumentation-asgi
    # via opentelemetry-instrumentation-fastapi
opentelemetry-instrumentation-asgi==0.56b0
    # via opentelemetry-instrumentation-fastapi
opentelemetry-instrumentation-fastapi==0.56b0
    # via chromadb
opentelemetry-proto==1.35.0
    # via opentelemetry-exporter-otlp-proto-common
    # via opentelemetry-exporter-otlp-proto-grpc
opentelemetry-sdk==1.35.0
    # via chromadb
    # via opentelemetry-exporter-otlp-proto-grpc
opentelemetry-semantic-conventions==0.56b0
    # via opentelemetry-instrumentation
    # via opentelemetry-instrumentation-asgi
    # via opentelemetry-instrumentation-fastapi
    # via opentelemetry-sdk
opentelemetry-util-http==0.56b0
    # via opentelemetry-instrumentation-asgi
    # via opentelemetry-instrumentation-fastapi
orjson==3.11.0
    # via chromadb
    # via langsmith
overrides==7.7.0
    # via chromadb
packaging==23.2
    # via accelerate
    # via black
    # via build
    # via datasets
    # via huggingface-hub
    # via langchain-core
    # via langfuse
    # via langsmith
    # via marshmallow
    # via onnxruntime
    # via opentelemetry-instrumentation
    # via pytest
    # via transformers
pandas==2.2.3
    # via datasets
    # via open-webui
    # via pymilvus
passlib==1.7.4
    # via open-webui
pathspec==0.12.1
    # via black
peewee==3.18.1
    # via open-webui
    # via peewee-migrate
peewee-migrate==1.12.2
    # via open-webui
pgvector==0.4.0
    # via open-webui
pillow==11.2.1
    # via fpdf2
    # via open-webui
    # via python-pptx
    # via rapidocr-onnxruntime
    # via sentence-transformers
pinecone==6.0.2
    # via open-webui
pinecone-plugin-interface==0.0.7
    # via pinecone
platformdirs==4.3.8
    # via black
playwright==1.49.1
    # via open-webui
pluggy==1.6.0
    # via pytest
portalocker==2.10.1
    # via qdrant-client
posthog==6.1.1
    # via chromadb
primp==0.15.0
    # via duckduckgo-search
propcache==0.3.2
    # via aiohttp
    # via yarl
proto-plus==1.26.1
    # via google-ai-generativelanguage
    # via google-api-core
protobuf==5.29.5
    # via google-ai-generativelanguage
    # via google-api-core
    # via google-generativeai
    # via googleapis-common-protos
    # via grpcio-status
    # via grpcio-tools
    # via onnxruntime
    # via opentelemetry-proto
    # via proto-plus
    # via pymilvus
psutil==7.0.0
    # via accelerate
    # via open-webui
    # via unstructured
psycopg2-binary==2.9.9
    # via open-webui
py-partiql-parser==0.6.1
    # via moto
pyarrow==21.0.0
    # via datasets
pyasn1==0.4.8
    # via ldap3
    # via pyasn1-modules
    # via python-jose
    # via rsa
pyasn1-modules==0.4.1
    # via google-auth
pyclipper==1.3.0.post6
    # via rapidocr-onnxruntime
pycparser==2.22
    # via cffi
pydantic==2.10.6
    # via anthropic
    # via chromadb
    # via fastapi
    # via firecrawl-py
    # via google-genai
    # via google-generativeai
    # via langchain
    # via langchain-core
    # via langfuse
    # via langsmith
    # via open-webui
    # via openai
    # via pydantic-settings
    # via qdrant-client
    # via unstructured-client
pydantic-core==2.27.2
    # via pydantic
pydantic-settings==2.10.1
    # via langchain-community
pydub==0.25.1
    # via open-webui
pyee==12.0.0
    # via playwright
pygments==2.19.2
    # via rich
pyjwt==2.10.1
    # via msal
    # via open-webui
pymdown-extensions==10.14.2
    # via open-webui
pymilvus==2.5.0
    # via open-webui
pymongo==4.13.2
    # via open-webui
pymysql==1.1.1
    # via open-webui
pypandoc==1.15
    # via open-webui
pyparsing==3.2.3
    # via httplib2
pypdf==4.3.1
    # via open-webui
    # via unstructured-client
pypika==0.48.9
    # via chromadb
pyproject-hooks==1.2.0
    # via build
pytest==8.3.5
    # via open-webui
    # via pytest-docker
pytest-docker==3.1.2
    # via open-webui
python-dateutil==2.9.0.post0
    # via botocore
    # via elasticsearch
    # via kubernetes
    # via moto
    # via opensearch-py
    # via pandas
    # via pinecone
    # via posthog
    # via unstructured-client
python-dotenv==1.1.1
    # via colbert-ai
    # via firecrawl-py
    # via pydantic-settings
    # via pymilvus
    # via uvicorn
python-engineio==4.12.2
    # via python-socketio
python-iso639==2025.2.18
    # via unstructured
python-jose==3.4.0
    # via open-webui
python-magic==0.4.27
    # via unstructured
python-multipart==0.0.20
    # via open-webui
python-oxmsg==0.0.2
    # via unstructured
python-pptx==1.0.2
    # via open-webui
python-socketio==5.13.0
    # via open-webui
pytube==15.0.0
    # via open-webui
pytz==2025.2
    # via apscheduler
    # via pandas
pyxlsb==1.0.10
    # via open-webui
pyyaml==6.0.2
    # via accelerate
    # via chromadb
    # via ctranslate2
    # via datasets
    # via huggingface-hub
    # via kubernetes
    # via langchain
    # via langchain-community
    # via langchain-core
    # via moto
    # via pymdown-extensions
    # via rapidocr-onnxruntime
    # via responses
    # via transformers
    # via uvicorn
qdrant-client==1.12.2
    # via open-webui
rank-bm25==0.2.2
    # via open-webui
rapidfuzz==3.13.0
    # via unstructured
rapidocr-onnxruntime==1.4.4
    # via open-webui
redis==6.2.0
    # via open-webui
regex==2024.11.6
    # via nltk
    # via tiktoken
    # via transformers
requests==2.32.4
    # via azure-core
    # via datasets
    # via docker
    # via firecrawl-py
    # via google-api-core
    # via google-cloud-storage
    # via google-genai
    # via huggingface-hub
    # via kubernetes
    # via langchain
    # via langchain-community
    # via langsmith
    # via moto
    # via msal
    # via open-webui
    # via opensearch-py
    # via posthog
    # via requests-oauthlib
    # via requests-toolbelt
    # via responses
    # via tencentcloud-sdk-python
    # via tiktoken
    # via transformers
    # via unstructured
    # via youtube-transcript-api
requests-oauthlib==2.0.0
    # via google-auth-oauthlib
    # via kubernetes
requests-toolbelt==1.0.0
    # via langsmith
    # via unstructured-client
responses==0.25.7
    # via moto
restrictedpython==8.0
    # via open-webui
rich==14.0.0
    # via chromadb
    # via typer
rsa==4.9.1
    # via google-auth
    # via python-jose
s3transfer==0.10.4
    # via boto3
safetensors==0.5.3
    # via accelerate
    # via transformers
scikit-learn==1.7.1
    # via sentence-transformers
scipy==1.16.0
    # via colbert-ai
    # via scikit-learn
    # via sentence-transformers
sentence-transformers==4.1.0
    # via open-webui
sentencepiece==0.2.0
    # via open-webui
setuptools==80.9.0
    # via ctranslate2
    # via fs
    # via grpcio-tools
    # via pymilvus
shapely==2.1.1
    # via rapidocr-onnxruntime
shellingham==1.5.4
    # via typer
simple-websocket==1.1.0
    # via python-engineio
six==1.17.0
    # via apscheduler
    # via azure-core
    # via ecdsa
    # via fs
    # via html5lib
    # via kubernetes
    # via langdetect
    # via posthog
    # via python-dateutil
    # via rapidocr-onnxruntime
smmap==5.0.2
    # via gitdb
sniffio==1.3.1
    # via anthropic
    # via anyio
    # via openai
soundfile==0.13.1
    # via open-webui
soupsieve==2.7
    # via beautifulsoup4
sqlalchemy==2.0.38
    # via alembic
    # via langchain
    # via langchain-community
    # via open-webui
starlette==0.45.3
    # via fastapi
    # via starlette-compress
starlette-compress==1.6.0
    # via open-webui
sympy==1.14.0
    # via onnxruntime
    # via torch
tenacity==9.1.2
    # via chromadb
    # via langchain-community
    # via langchain-core
tencentcloud-sdk-python==3.0.1336
    # via open-webui
threadpoolctl==3.6.0
    # via scikit-learn
tiktoken==0.9.0
    # via open-webui
tokenizers==0.21.2
    # via chromadb
    # via faster-whisper
    # via transformers
torch==2.7.1
    # via accelerate
    # via sentence-transformers
tqdm==4.67.1
    # via chromadb
    # via colbert-ai
    # via datasets
    # via faster-whisper
    # via google-generativeai
    # via huggingface-hub
    # via milvus-lite
    # via nltk
    # via openai
    # via rapidocr-onnxruntime
    # via sentence-transformers
    # via transformers
    # via unstructured
transformers==4.53.2
    # via colbert-ai
    # via open-webui
    # via sentence-transformers
typer==0.16.0
    # via chromadb
typing-extensions==4.14.1
    # via aiosignal
    # via alembic
    # via anthropic
    # via anyio
    # via azure-ai-documentintelligence
    # via azure-core
    # via azure-identity
    # via azure-storage-blob
    # via beautifulsoup4
    # via chromadb
    # via elasticsearch
    # via fastapi
    # via google-genai
    # via google-generativeai
    # via huggingface-hub
    # via langchain-core
    # via openai
    # via opentelemetry-api
    # via opentelemetry-exporter-otlp-proto-grpc
    # via opentelemetry-sdk
    # via opentelemetry-semantic-conventions
    # via pinecone
    # via posthog
    # via pydantic
    # via pydantic-core
    # via pyee
    # via python-oxmsg
    # via python-pptx
    # via sentence-transformers
    # via sqlalchemy
    # via torch
    # via typer
    # via typing-inspect
    # via typing-inspection
    # via unstructured
typing-inspect==0.9.0
    # via dataclasses-json
typing-inspection==0.4.1
    # via pydantic-settings
    # via unstructured-client
tzdata==2025.2
    # via pandas
tzlocal==5.3.1
    # via apscheduler
ujson==5.10.0
    # via colbert-ai
    # via pymilvus
unstructured==0.16.17
    # via open-webui
unstructured-client==0.32.3
    # via unstructured
uritemplate==4.2.0
    # via google-api-python-client
urllib3==2.5.0
    # via botocore
    # via docker
    # via elastic-transport
    # via kubernetes
    # via opensearch-py
    # via pinecone
    # via qdrant-client
    # via requests
    # via responses
uvicorn==0.34.2
    # via chromadb
    # via open-webui
uvloop==0.21.0
    # via uvicorn
validators==0.35.0
    # via open-webui
watchfiles==1.1.0
    # via uvicorn
wcwidth==0.2.13
    # via ftfy
webencodings==0.5.1
    # via html5lib
websocket-client==1.8.0
    # via kubernetes
websockets==15.0.1
    # via firecrawl-py
    # via google-genai
    # via uvicorn
werkzeug==3.1.3
    # via flask
    # via moto
wrapt==1.17.2
    # via langfuse
    # via opentelemetry-instrumentation
    # via unstructured
wsproto==1.2.0
    # via simple-websocket
xlrd==2.0.1
    # via open-webui
xlsxwriter==3.2.5
    # via python-pptx
xmltodict==0.14.2
    # via moto
xxhash==3.5.0
    # via datasets
yarl==1.20.1
    # via aiohttp
youtube-transcript-api==1.1.0
    # via open-webui
zipp==3.23.0
    # via importlib-metadata
zstandard==0.23.0
    # via langsmith
    # via starlette-compress
